# This file was autogenerated by Stack.
# You should not edit this file by hand.
# For more information, please see the documentation at:
#   https://docs.haskellstack.org/en/stable/lock_files

packages:
- completed:
    hackage: bimap-0.3.3@sha256:232518c0410990665b9c8677eb9318ee355c001d58945ddcbedec3baa30b4160,1475
    pantry-tree:
      size: 414
      sha256: 5c7485014c2f342d215ace99cd06361f7607169aebe8d4aca2f265fa5c3c6761
  original:
    hackage: bimap-0.3.3@sha256:232518c0410990665b9c8677eb9318ee355c001d58945ddcbedec3baa30b4160,1475
- completed:
    hackage: constraints-0.11.2@sha256:d028005d93f891b48b61ff0c82c6f868859eb728010dea3e355b0c55d0f57cf9,2219
    pantry-tree:
      size: 867
      sha256: 3c71f74be6758642190c7d116d43eb980f4128e1595a849af4295610f752745c
  original:
    hackage: constraints-0.11.2@sha256:d028005d93f891b48b61ff0c82c6f868859eb728010dea3e355b0c55d0f57cf9,2219
- completed:
    hackage: constraints-extras-0.3.0.2@sha256:bf6884be65958e9188ae3c9e5547abfd6d201df021bff8a4704c2c4fe1e1ae5b,1784
    pantry-tree:
      size: 594
      sha256: b0bcc96d375ee11b1972a2e9e8e42039b3f420b0e1c46e9c70652470445a6505
  original:
    hackage: constraints-extras-0.3.0.2@sha256:bf6884be65958e9188ae3c9e5547abfd6d201df021bff8a4704c2c4fe1e1ae5b,1784
- completed:
    hackage: dependent-map-0.3.1.0@sha256:f33391e51264aab38b11d581bb8d2f7c6fc9fcf012bdbb6122708c23b3360b2a,1657
    pantry-tree:
      size: 551
      sha256: e49230ff3bb1ddc9bef79c22b080ec04a5bb7829808d52df910f734d1cffdddc
  original:
    hackage: dependent-map-0.3.1.0@sha256:f33391e51264aab38b11d581bb8d2f7c6fc9fcf012bdbb6122708c23b3360b2a,1657
- completed:
    hackage: dependent-sum-0.6.2.0@sha256:bff37c85b38e768b942f9d81c2465b63a96076f1ba006e35612aa357770807b6,1856
    pantry-tree:
      size: 474
      sha256: ad3fbed5104f9ee9c8082c9dcc8ade847674e3053572533e8d26ad1a866f1107
  original:
    hackage: dependent-sum-0.6.2.0@sha256:bff37c85b38e768b942f9d81c2465b63a96076f1ba006e35612aa357770807b6,1856
- completed:
    hackage: dependent-sum-template-0.1.0.3@sha256:0bbbacdfbd3abf2a15aaf0cf2c27e5bdd159b519441fec39e1e6f2f54424adde,1682
    pantry-tree:
      size: 436
      sha256: 32eeadeb991a290a1da41ce7e995dee7d38ebba3bd3e53ea8074c32c086701fd
  original:
    hackage: dependent-sum-template-0.1.0.3@sha256:0bbbacdfbd3abf2a15aaf0cf2c27e5bdd159b519441fec39e1e6f2f54424adde,1682
- completed:
    hackage: ghcjs-dom-0.9.4.0@sha256:c2b3d25145e24b66a8a5078c0d750305b577aeff05957cf282d74f6e8d2424dd,32082
    pantry-tree:
      size: 357
      sha256: de76dd6924d6ad9124e836a0fa66a0338f585acbcbfbffd90e8357d1b6b8fbb4
  original:
    hackage: ghcjs-dom-0.9.4.0@sha256:c2b3d25145e24b66a8a5078c0d750305b577aeff05957cf282d74f6e8d2424dd,32082
- completed:
    hackage: ghcjs-dom-jsaddle-0.9.4.0@sha256:31ddfc5ebcbb4811b0c956fd5fcf106643012b46bb4e0bc2f15d09db1d116fbb,39525
    pantry-tree:
      size: 164
      sha256: 3f665a5e70fab961bf236e5c672f497901632785d403024d7bab1785444a0816
  original:
    hackage: ghcjs-dom-jsaddle-0.9.4.0@sha256:31ddfc5ebcbb4811b0c956fd5fcf106643012b46bb4e0bc2f15d09db1d116fbb,39525
- completed:
    hackage: gi-javascriptcore-4.0.21@sha256:f8f720f2bd332a4c3a6814f4c2b22b9150130e1b8749759ac0d70d5bd536838f,4028
    pantry-tree:
      size: 312
      sha256: f4cf8a528df11c5ecf10eb29599d8ed974c15f9d9be1915c28c2f9667dfa6d17
  original:
    hackage: gi-javascriptcore-4.0.21@sha256:f8f720f2bd332a4c3a6814f4c2b22b9150130e1b8749759ac0d70d5bd536838f,4028
- completed:
    hackage: gi-soup-2.4.22@sha256:ae2681cdb9470bf0f6026e76b53e96b661d9592a9227d99929e32df11871f8e2,8257
    pantry-tree:
      size: 358
      sha256: bec9bbcfbc4c9de19a1601391f54b6362075e8c6ab6aceb9b13b3ca73a5965e1
  original:
    hackage: gi-soup-2.4.22@sha256:ae2681cdb9470bf0f6026e76b53e96b661d9592a9227d99929e32df11871f8e2,8257
- completed:
    hackage: gi-webkit2-4.0.25@sha256:9cba3e5fce1cc7e10b4bdd35fb5d3efb735e9c14e5ed7932ca036f71ded05e2c,10532
    pantry-tree:
      size: 366
      sha256: cc885045484e3565c1c8515d275796240851dcf5cbfc2560d950097525d927ec
  original:
    hackage: gi-webkit2-4.0.25@sha256:9cba3e5fce1cc7e10b4bdd35fb5d3efb735e9c14e5ed7932ca036f71ded05e2c,10532
- completed:
    hackage: gtk2hs-buildtools-0.13.8.0@sha256:132f38155fc677430a47ea750918973161c876fb6f281d342ac2f07eb99229ce,5238
    pantry-tree:
      size: 3588
      sha256: 4552e3c0f2ef0f16285c38898d7e2b6aeea67d4e37cd203b0c82f70592096c45
  original:
    hackage: gtk2hs-buildtools-0.13.8.0@sha256:132f38155fc677430a47ea750918973161c876fb6f281d342ac2f07eb99229ce,5238
- completed:
    hackage: haskell-src-exts-1.22.0@sha256:f558923a9c8f57402c33a8cc871b934027a5c65414404c87239f6cbd7357d54e,4541
    pantry-tree:
      size: 96940
      sha256: 597b6f48bd409a4d0da013c4e356945c42e0d098966035d3aa68cd4a3ccd66c9
  original:
    hackage: haskell-src-exts-1.22.0@sha256:f558923a9c8f57402c33a8cc871b934027a5c65414404c87239f6cbd7357d54e,4541
- completed:
    hackage: http2-1.6.5@sha256:f1743ba4a267f525106c218894e4bd2acf28fa047a9ba660b4a317a97382a877,13999
    pantry-tree:
      size: 43676
      sha256: 7c5c74e748187ae08baafab4af661147dcc128f1464305de68a06c3f0949cb91
  original:
    hackage: http2-1.6.5@sha256:f1743ba4a267f525106c218894e4bd2acf28fa047a9ba660b4a317a97382a877,13999
- completed:
    hackage: jsaddle-0.9.7.0@sha256:b848f626aede158a4ac9c1129699a44b7e5fa7d3ed9778b6df3390f2a4706412,4418
    pantry-tree:
      size: 4329
      sha256: cb014d869efacee64d8c313d814b50e13427027f5754881f5e91c8a4441dd181
  original:
    hackage: jsaddle-0.9.7.0@sha256:b848f626aede158a4ac9c1129699a44b7e5fa7d3ed9778b6df3390f2a4706412,4418
- completed:
    hackage: jsaddle-dom-0.9.4.0@sha256:e9557e5a6df02bf089acab3e053ee3d4b523acebfe9ede9b5091d12cee760780,75700
    pantry-tree:
      size: 48295
      sha256: 82000a394aa858fa99bafa3bc8ff0646e3b1c6c62c3d7d49d46bf68311d0afb0
  original:
    hackage: jsaddle-dom-0.9.4.0@sha256:e9557e5a6df02bf089acab3e053ee3d4b523acebfe9ede9b5091d12cee760780,75700
- completed:
    hackage: jsaddle-warp-0.9.7.0@sha256:2499b761254df1935f95e73285b59de1933d39e405baa76190cb14f9ddf2a687,2712
    pantry-tree:
      size: 475
      sha256: 6bfd84a0076cec1e38db651d0709714d89c129dbcbe5e0d131c30185645c8e73
  original:
    hackage: jsaddle-warp-0.9.7.0@sha256:2499b761254df1935f95e73285b59de1933d39e405baa76190cb14f9ddf2a687,2712
- completed:
    hackage: jsaddle-webkit2gtk-0.9.7.0@sha256:ea9892dc8106e9b541f03cac9b1b8bba57d77061e7c8d021b9411828898014f7,1483
    pantry-tree:
      size: 249
      sha256: d67058a9cb390d0da3ccf191dc75265a3c44dd40637273ae94f5b24666f630d2
  original:
    hackage: jsaddle-webkit2gtk-0.9.7.0@sha256:ea9892dc8106e9b541f03cac9b1b8bba57d77061e7c8d021b9411828898014f7,1483
- completed:
    hackage: monoidal-containers-0.6.0.1@sha256:7d776942659eb4d70d8b8da5d734396374a6eda8b4622df9e61e26b24e9c8e40,2501
    pantry-tree:
      size: 569
      sha256: c354e916cb3aa9a0728a60f08440dc589a9e6d8275f047dbe9ab73f168247561
  original:
    hackage: monoidal-containers-0.6.0.1@sha256:7d776942659eb4d70d8b8da5d734396374a6eda8b4622df9e61e26b24e9c8e40,2501
- completed:
    hackage: patch-0.0.3.1@sha256:f14acf2eea8c83be57398106cec549c476577a947a7f856e6aa71dc561d58ca9,2308
    pantry-tree:
      size: 977
      sha256: d959d6d59fa8b46876c0eaa4f2736017b3e2d4dbbc5ee6a6bdd7635c7d4c1510
  original:
    hackage: patch-0.0.3.1@sha256:f14acf2eea8c83be57398106cec549c476577a947a7f856e6aa71dc561d58ca9,2308
- completed:
    hackage: prim-uniq-0.1.0.1@sha256:23f15867b381b49e3f09f69fba318b0ee0e505d5fe0df82f3fcdf3f5c2886291,1201
    pantry-tree:
      size: 363
      sha256: c20e37eff29b7d5986c4f25ce50a0aa7805d9fa7c3dca8a898f092488d618d9e
  original:
    hackage: prim-uniq-0.1.0.1@sha256:23f15867b381b49e3f09f69fba318b0ee0e505d5fe0df82f3fcdf3f5c2886291,1201
- completed:
    hackage: ref-tf-0.4.0.2@sha256:69de3550250e0cd69f45d080359cb314a9487c915024349c75b78732bbee9332,1134
    pantry-tree:
      size: 211
      sha256: fc5a4a35b4c782a33f452c1dc66ffa8ddbf321e2db369bd8823c796f0d4d8c7f
  original:
    hackage: ref-tf-0.4.0.2@sha256:69de3550250e0cd69f45d080359cb314a9487c915024349c75b78732bbee9332,1134
- completed:
    hackage: reflex-0.7.1.0@sha256:6d224466f0daabd44fef0fa559a09151126452bf857aeaa37692bccb259d5c5d,11227
    pantry-tree:
      size: 4531
      sha256: 8e33539f1f11da9c9943b2b698e361826e46ba1956531f915dce3e16016a84f1
  original:
    hackage: reflex-0.7.1.0@sha256:6d224466f0daabd44fef0fa559a09151126452bf857aeaa37692bccb259d5c5d,11227
- completed:
    hackage: reflex-dom-0.6.0.0@sha256:dc3a1377c0aedd7286d524032a0012be46cb11007a658d6a8496dbb317bd9155,6069
    pantry-tree:
      size: 808
      sha256: 27f77bea375c2a92cf57cca7034d206ee1856b8e0aa964c4484c566cafd29979
  original:
    hackage: reflex-dom-0.6.0.0@sha256:dc3a1377c0aedd7286d524032a0012be46cb11007a658d6a8496dbb317bd9155,6069
- completed:
    hackage: reflex-dom-core-0.6.0.0@sha256:358f71e9bd1dbd217dfa860ca46585fb377ea4b25f058ab92ef7a856d5c8dc38,7272
    pantry-tree:
      size: 2735
      sha256: 7ce508821df6b9c8a808af871e99478bf0def5e549ed8ec269565d6fabc53c37
  original:
    hackage: reflex-dom-core-0.6.0.0@sha256:358f71e9bd1dbd217dfa860ca46585fb377ea4b25f058ab92ef7a856d5c8dc38,7272
- completed:
    hackage: these-1.0.1@sha256:3894801c6cb6f401821219812646dc0c0799a82352125f70a98d851ac8c7cafc,3266
    pantry-tree:
      size: 351
      sha256: 9fcb34cdd2aeea582e0a31641cf2defc0ce076820453d0a580b59a9f539ae77a
  original:
    hackage: these-1.0.1@sha256:3894801c6cb6f401821219812646dc0c0799a82352125f70a98d851ac8c7cafc,3266
- completed:
    hackage: warp-3.2.28@sha256:b32fb8fed7ace4bd206fd897c388c00cdb915ec7e34ee61dc6397d518d9e651c,11186
    pantry-tree:
      size: 4227
      sha256: a08eab2f15d6be431d00cd31a8b87a7e5ce87f203aad06916f9af0c673ec8a7d
  original:
    hackage: warp-3.2.28@sha256:b32fb8fed7ace4bd206fd897c388c00cdb915ec7e34ee61dc6397d518d9e651c,11186
- completed:
    hackage: webkit2gtk3-javascriptcore-0.14.4.0@sha256:4532761f3efb64bf36517c9231f259e5b2d75a5bda372777cf2adbe386c521d2,2104
    pantry-tree:
      size: 814
      sha256: d9848e0e3fa349d8ac1f446de5e87eb000105e31c0f830652832110e9a1d3636
  original:
    hackage: webkit2gtk3-javascriptcore-0.14.4.0@sha256:4532761f3efb64bf36517c9231f259e5b2d75a5bda372777cf2adbe386c521d2,2104
- completed:
    hackage: witherable-0.3.1@sha256:ed3d5bc9eb1c08fa9704d9e143cdf622e1bd80b847cd5ede8c07da7bc7981ab9,1313
    pantry-tree:
      size: 271
      sha256: 7077f6c0e9e973af2c7f4429bcc3af6d345c19554c1335733faccec35d4c1708
  original:
    hackage: witherable-0.3.1@sha256:ed3d5bc9eb1c08fa9704d9e143cdf622e1bd80b847cd5ede8c07da7bc7981ab9,1313
- completed:
    hackage: zenc-0.1.1@sha256:e4be3e5e9fe1a1ade05910909c6e5b5a8eff72e697868b03955c9781b0443947,964
    pantry-tree:
      size: 206
      sha256: ac8bdc2a8c4b51c7bfa95802ecbab6879190787c870a9cbe0bfee220b3b2a7fe
  original:
    hackage: zenc-0.1.1@sha256:e4be3e5e9fe1a1ade05910909c6e5b5a8eff72e697868b03955c9781b0443947,964
snapshots:
- completed:
    size: 531674
    url: https://raw.githubusercontent.com/commercialhaskell/stackage-snapshots/master/lts/16/2.yaml
    sha256: 4b08fb9338ca297de7ade8318f4be1216f14dff8c0426c001fb7886ee88cb84a
  original: lts-16.2
